// !$*UTF8*$!
{
	archiveVersion = 1;
	classes = {
	};
	objectVersion = 50;
	objects = {

/* Begin PBXBuildFile section */
		D9F226162268ECF100576CC7 /* AppDelegate.swift in Sources */ = {isa = PBXBuildFile; fileRef = D9F226152268ECF100576CC7 /* AppDelegate.swift */; };
		D9F2261B2268ECF100576CC7 /* Main.storyboard in Resources */ = {isa = PBXBuildFile; fileRef = D9F226192268ECF100576CC7 /* Main.storyboard */; };
		D9F2261D2268ECF100576CC7 /* Assets.xcassets in Resources */ = {isa = PBXBuildFile; fileRef = D9F2261C2268ECF100576CC7 /* Assets.xcassets */; };
		D9F226202268ECF100576CC7 /* LaunchScreen.storyboard in Resources */ = {isa = PBXBuildFile; fileRef = D9F2261E2268ECF100576CC7 /* LaunchScreen.storyboard */; };
		D9F226282268ED7C00576CC7 /* CarViewController.swift in Sources */ = {isa = PBXBuildFile; fileRef = D9F226272268ED7C00576CC7 /* CarViewController.swift */; };
		D9F2262B2268EF9200576CC7 /* CarWorker.swift in Sources */ = {isa = PBXBuildFile; fileRef = D9F2262A2268EF9200576CC7 /* CarWorker.swift */; };
		D9F2262D2268F06800576CC7 /* CarPresenter.swift in Sources */ = {isa = PBXBuildFile; fileRef = D9F2262C2268F06800576CC7 /* CarPresenter.swift */; };
		D9F2262F2268F6F800576CC7 /* CarInteractor.swift in Sources */ = {isa = PBXBuildFile; fileRef = D9F2262E2268F6F800576CC7 /* CarInteractor.swift */; };
/* End PBXBuildFile section */

/* Begin PBXFileReference section */
		D9F226122268ECF100576CC7 /* UIPageViewWithAnimationAndConstrains.app */ = {isa = PBXFileReference; explicitFileType = wrapper.application; includeInIndex = 0; path = UIPageViewWithAnimationAndConstrains.app; sourceTree = BUILT_PRODUCTS_DIR; };
		D9F226152268ECF100576CC7 /* AppDelegate.swift */ = {isa = PBXFileReference; lastKnownFileType = sourcecode.swift; path = AppDelegate.swift; sourceTree = "<group>"; };
		D9F2261A2268ECF100576CC7 /* Base */ = {isa = PBXFileReference; lastKnownFileType = file.storyboard; name = Base; path = Base.lproj/Main.storyboard; sourceTree = "<group>"; };
		D9F2261C2268ECF100576CC7 /* Assets.xcassets */ = {isa = PBXFileReference; lastKnownFileType = folder.assetcatalog; path = Assets.xcassets; sourceTree = "<group>"; };
		D9F2261F2268ECF100576CC7 /* Base */ = {isa = PBXFileReference; lastKnownFileType = file.storyboard; name = Base; path = Base.lproj/LaunchScreen.storyboard; sourceTree = "<group>"; };
		D9F226212268ECF100576CC7 /* Info.plist */ = {isa = PBXFileReference; lastKnownFileType = text.plist.xml; path = Info.plist; sourceTree = "<group>"; };
		D9F226272268ED7C00576CC7 /* CarViewController.swift */ = {isa = PBXFileReference; lastKnownFileType = sourcecode.swift; path = CarViewController.swift; sourceTree = "<group>"; };
		D9F2262A2268EF9200576CC7 /* CarWorker.swift */ = {isa = PBXFileReference; lastKnownFileType = sourcecode.swift; path = CarWorker.swift; sourceTree = "<group>"; };
		D9F2262C2268F06800576CC7 /* CarPresenter.swift */ = {isa = PBXFileReference; lastKnownFileType = sourcecode.swift; path = CarPresenter.swift; sourceTree = "<group>"; };
		D9F2262E2268F6F800576CC7 /* CarInteractor.swift */ = {isa = PBXFileReference; lastKnownFileType = sourcecode.swift; path = CarInteractor.swift; sourceTree = "<group>"; };
/* End PBXFileReference section */

/* Begin PBXFrameworksBuildPhase section */
		D9F2260F2268ECF100576CC7 /* Frameworks */ = {
			isa = PBXFrameworksBuildPhase;
			buildActionMask = 2147483647;
			files = (
			);
			runOnlyForDeploymentPostprocessing = 0;
		};
/* End PBXFrameworksBuildPhase section */

/* Begin PBXGroup section */
		D9F226092268ECF100576CC7 = {
			isa = PBXGroup;
			children = (
				D9F226142268ECF100576CC7 /* UIPageViewWithAnimationAndConstrains */,
				D9F226132268ECF100576CC7 /* Products */,
			);
			sourceTree = "<group>";
		};
		D9F226132268ECF100576CC7 /* Products */ = {
			isa = PBXGroup;
			children = (
				D9F226122268ECF100576CC7 /* UIPageViewWithAnimationAndConstrains.app */,
			);
			name = Products;
			sourceTree = "<group>";
		};
		D9F226142268ECF100576CC7 /* UIPageViewWithAnimationAndConstrains */ = {
			isa = PBXGroup;
			children = (
				D9F226152268ECF100576CC7 /* AppDelegate.swift */,
				D9F226292268EDC000576CC7 /* CarBuilder */,
				D9F226192268ECF100576CC7 /* Main.storyboard */,
				D9F2261C2268ECF100576CC7 /* Assets.xcassets */,
				D9F2261E2268ECF100576CC7 /* LaunchScreen.storyboard */,
				D9F226212268ECF100576CC7 /* Info.plist */,
			);
			path = UIPageViewWithAnimationAndConstrains;
			sourceTree = "<group>";
		};
		D9F226292268EDC000576CC7 /* CarBuilder */ = {
			isa = PBXGroup;
			children = (
				D9F226272268ED7C00576CC7 /* CarViewController.swift */,
				D9F2262A2268EF9200576CC7 /* CarWorker.swift */,
				D9F2262C2268F06800576CC7 /* CarPresenter.swift */,
				D9F2262E2268F6F800576CC7 /* CarInteractor.swift */,
			);
			path = CarBuilder;
			sourceTree = "<group>";
		};
/* End PBXGroup section */

/* Begin PBXNativeTarget section */
		D9F226112268ECF100576CC7 /* UIPageViewWithAnimationAndConstrains */ = {
			isa = PBXNativeTarget;
			buildConfigurationList = D9F226242268ECF100576CC7 /* Build configuration list for PBXNativeTarget "UIPageViewWithAnimationAndConstrains" */;
			buildPhases = (
				D9F2260E2268ECF100576CC7 /* Sources */,
				D9F2260F2268ECF100576CC7 /* Frameworks */,
				D9F226102268ECF100576CC7 /* Resources */,
			);
			buildRules = (
			);
			dependencies = (
			);
			name = UIPageViewWithAnimationAndConstrains;
			productName = UIPageViewWithAnimationAndConstrains;
			productReference = D9F226122268ECF100576CC7 /* UIPageViewWithAnimationAndConstrains.app */;
			productType = "com.apple.product-type.application";
		};
/* End PBXNativeTarget section */

/* Begin PBXProject section */
		D9F2260A2268ECF100576CC7 /* Project object */ = {
			isa = PBXProject;
			attributes = {
				LastSwiftUpdateCheck = 1020;
				LastUpgradeCheck = 1020;
				ORGANIZATIONNAME = "Artem Karmaz";
				TargetAttributes = {
					D9F226112268ECF100576CC7 = {
						CreatedOnToolsVersion = 10.2.1;
					};
				};
			};
			buildConfigurationList = D9F2260D2268ECF100576CC7 /* Build configuration list for PBXProject "UIPageViewWithAnimationAndConstrains" */;
			compatibilityVersion = "Xcode 9.3";
			developmentRegion = en;
			hasScannedForEncodings = 0;
			knownRegions = (
				en,
				Base,
			);
			mainGroup = D9F226092268ECF100576CC7;
			productRefGroup = D9F226132268ECF100576CC7 /* Products */;
			projectDirPath = "";
			projectRoot = "";
			targets = (
				D9F226112268ECF100576CC7 /* UIPageViewWithAnimationAndConstrains */,
			);
		};
/* End PBXProject section */

/* Begin PBXResourcesBuildPhase section */
		D9F226102268ECF100576CC7 /* Resources */ = {
			isa = PBXResourcesBuildPhase;
			buildActionMask = 2147483647;
			files = (
				D9F226202268ECF100576CC7 /* LaunchScreen.storyboard in Resources */,
				D9F2261D2268ECF100576CC7 /* Assets.xcassets in Resources */,
				D9F2261B2268ECF100576CC7 /* Main.storyboard in Resources */,
			);
			runOnlyForDeploymentPostprocessing = 0;
		};
/* End PBXResourcesBuildPhase section */

/* Begin PBXSourcesBuildPhase section */
		D9F2260E2268ECF100576CC7 /* Sources */ = {
			isa = PBXSourcesBuildPhase;
			buildActionMask = 2147483647;
			files = (
				D9F2262B2268EF9200576CC7 /* CarWorker.swift in Sources */,
				D9F226282268ED7C00576CC7 /* CarViewController.swift in Sources */,
				D9F2262F2268F6F800576CC7 /* CarInteractor.swift in Sources */,
				D9F2262D2268F06800576CC7 /* CarPresenter.swift in Sources */,
				D9F226162268ECF100576CC7 /* AppDelegate.swift in Sources */,
			);
			runOnlyForDeploymentPostprocessing = 0;
		};
/* End PBXSourcesBuildPhase section */

/* Begin PBXVariantGroup section */
		D9F226192268ECF100576CC7 /* Main.storyboard */ = {
			isa = PBXVariantGroup;
			children = (
				D9F2261A2268ECF100576CC7 /* Base */,
			);
			name = Main.storyboard;
			sourceTree = "<group>";
		};
		D9F2261E2268ECF100576CC7 /* LaunchScreen.storyboard */ = {
			isa = PBXVariantGroup;
			children = (
				D9F2261F2268ECF100576CC7 /* Base */,
			);
			name = LaunchScreen.storyboard;
			sourceTree = "<group>";
		};
/* End PBXVariantGroup section */

/* Begin XCBuildConfiguration section */
		D9F226222268ECF100576CC7 /* Debug */ = {
			isa = XCBuildConfiguration;
			buildSettings = {
				ALWAYS_SEARCH_USER_PATHS = NO;
				CLANG_ANALYZER_NONNULL = YES;
				CLANG_ANALYZER_NUMBER_OBJECT_CONVERSION = YES_AGGRESSIVE;
				CLANG_CXX_LANGUAGE_STANDARD = "gnu++14";
				CLANG_CXX_LIBRARY = "libc++";
				CLANG_ENABLE_MODULES = YES;
				CLANG_ENABLE_OBJC_ARC = YES;
				CLANG_ENABLE_OBJC_WEAK = YES;
				CLANG_WARN_BLOCK_CAPTURE_AUTORELEASING = YES;
				CLANG_WARN_BOOL_CONVERSION = YES;
				CLANG_WARN_COMMA = YES;
				CLANG_WARN_CONSTANT_CONVERSION = YES;
				CLANG_WARN_DEPRECATED_OBJC_IMPLEMENTATIONS = YES;
				CLANG_WARN_DIRECT_OBJC_ISA_USAGE = YES_ERROR;
				CLANG_WARN_DOCUMENTATION_COMMENTS = YES;
				CLANG_WARN_EMPTY_BODY = YES;
				CLANG_WARN_ENUM_CONVERSION = YES;
				CLANG_WARN_INFINITE_RECURSION = YES;
				CLANG_WARN_INT_CONVERSION = YES;
				CLANG_WARN_NON_LITERAL_NULL_CONVERSION = YES;
				CLANG_WARN_OBJC_IMPLICIT_RETAIN_SELF = YES;
				CLANG_WARN_OBJC_LITERAL_CONVERSION = YES;
				CLANG_WARN_OBJC_ROOT_CLASS = YES_ERROR;
				CLANG_WARN_RANGE_LOOP_ANALYSIS = YES;
				CLANG_WARN_STRICT_PROTOTYPES = YES;
				CLANG_WARN_SUSPICIOUS_MOVE = YES;
				CLANG_WARN_UNGUARDED_AVAILABILITY = YES_AGGRESSIVE;
				CLANG_WARN_UNREACHABLE_CODE = YES;
				CLANG_WARN__DUPLICATE_METHOD_MATCH = YES;
				CODE_SIGN_IDENTITY = "iPhone Developer";
				COPY_PHASE_STRIP = NO;
				DEBUG_INFORMATION_FORMAT = dwarf;
				ENABLE_STRICT_OBJC_MSGSEND = YES;
				ENABLE_TESTABILITY = YES;
				GCC_C_LANGUAGE_STANDARD = gnu11;
				GCC_DYNAMIC_NO_PIC = NO;
				GCC_NO_COMMON_BLOCKS = YES;
				GCC_OPTIMIZATION_LEVEL = 0;
				GCC_PREPROCESSOR_DEFINITIONS = (
					"DEBUG=1",
					"$(inherited)",
				);
				GCC_WARN_64_TO_32_BIT_CONVERSION = YES;
				GCC_WARN_ABOUT_RETURN_TYPE = YES_ERROR;
				GCC_WARN_UNDECLARED_SELECTOR = YES;
				GCC_WARN_UNINITIALIZED_AUTOS = YES_AGGRESSIVE;
				GCC_WARN_UNUSED_FUNCTION = YES;
				GCC_WARN_UNUSED_VARIABLE = YES;
				IPHONEOS_DEPLOYMENT_TARGET = 12.2;
				MTL_ENABLE_DEBUG_INFO = INCLUDE_SOURCE;
				MTL_FAST_MATH = YES;
				ONLY_ACTIVE_ARCH = YES;
				SDKROOT = iphoneos;
				SWIFT_ACTIVE_COMPILATION_CONDITIONS = DEBUG;
				SWIFT_OPTIMIZATION_LEVEL = "-Onone";
			};
			name = Debug;
		};
		D9F226232268ECF100576CC7 /* Release */ = {
			isa = XCBuildConfiguration;
			buildSettings = {
				ALWAYS_SEARCH_USER_PATHS = NO;
				CLANG_ANALYZER_NONNULL = YES;
				CLANG_ANALYZER_NUMBER_OBJECT_CONVERSION = YES_AGGRESSIVE;
				CLANG_CXX_LANGUAGE_STANDARD = "gnu++14";
				CLANG_CXX_LIBRARY = "libc++";
				CLANG_ENABLE_MODULES = YES;
				CLANG_ENABLE_OBJC_ARC = YES;
				CLANG_ENABLE_OBJC_WEAK = YES;
				CLANG_WARN_BLOCK_CAPTURE_AUTORELEASING = YES;
				CLANG_WARN_BOOL_CONVERSION = YES;
				CLANG_WARN_COMMA = YES;
				CLANG_WARN_CONSTANT_CONVERSION = YES;
				CLANG_WARN_DEPRECATED_OBJC_IMPLEMENTATIONS = YES;
				CLANG_WARN_DIRECT_OBJC_ISA_USAGE = YES_ERROR;
				CLANG_WARN_DOCUMENTATION_COMMENTS = YES;
				CLANG_WARN_EMPTY_BODY = YES;
				CLANG_WARN_ENUM_CONVERSION = YES;
				CLANG_WARN_INFINITE_RECURSION = YES;
				CLANG_WARN_INT_CONVERSION = YES;
				CLANG_WARN_NON_LITERAL_NULL_CONVERSION = YES;
				CLANG_WARN_OBJC_IMPLICIT_RETAIN_SELF = YES;
				CLANG_WARN_OBJC_LITERAL_CONVERSION = YES;
				CLANG_WARN_OBJC_ROOT_CLASS = YES_ERROR;
				CLANG_WARN_RANGE_LOOP_ANALYSIS = YES;
				CLANG_WARN_STRICT_PROTOTYPES = YES;
				CLANG_WARN_SUSPICIOUS_MOVE = YES;
				CLANG_WARN_UNGUARDED_AVAILABILITY = YES_AGGRESSIVE;
				CLANG_WARN_UNREACHABLE_CODE = YES;
				CLANG_WARN__DUPLICATE_METHOD_MATCH = YES;
				CODE_SIGN_IDENTITY = "iPhone Developer";
				COPY_PHASE_STRIP = NO;
				DEBUG_INFORMATION_FORMAT = "dwarf-with-dsym";
				ENABLE_NS_ASSERTIONS = NO;
				ENABLE_STRICT_OBJC_MSGSEND = YES;
				GCC_C_LANGUAGE_STANDARD = gnu11;
				GCC_NO_COMMON_BLOCKS = YES;
				GCC_WARN_64_TO_32_BIT_CONVERSION = YES;
				GCC_WARN_ABOUT_RETURN_TYPE = YES_ERROR;
				GCC_WARN_UNDECLARED_SELECTOR = YES;
				GCC_WARN_UNINITIALIZED_AUTOS = YES_AGGRESSIVE;
				GCC_WARN_UNUSED_FUNCTION = YES;
				GCC_WARN_UNUSED_VARIABLE = YES;
				IPHONEOS_DEPLOYMENT_TARGET = 12.2;
				MTL_ENABLE_DEBUG_INFO = NO;
				MTL_FAST_MATH = YES;
				SDKROOT = iphoneos;
				SWIFT_COMPILATION_MODE = wholemodule;
				SWIFT_OPTIMIZATION_LEVEL = "-O";
				VALIDATE_PRODUCT = YES;
			};
			name = Release;
		};
		D9F226252268ECF100576CC7 /* Debug */ = {
			isa = XCBuildConfiguration;
			buildSettings = {
				ASSETCATALOG_COMPILER_APPICON_NAME = AppIcon;
				CODE_SIGN_STYLE = Automatic;
				DEVELOPMENT_TEAM = B4FXKBHXYA;
				INFOPLIST_FILE = UIPageViewWithAnimationAndConstrains/Info.plist;
				LD_RUNPATH_SEARCH_PATHS = (
					"$(inherited)",
					"@executable_path/Frameworks",
				);
				PRODUCT_BUNDLE_IDENTIFIER = AK.UIPageViewWithAnimationAndConstrains;
				PRODUCT_NAME = "$(TARGET_NAME)";
				SWIFT_VERSION = 5.0;
				TARGETED_DEVICE_FAMILY = "1,2";
			};
			name = Debug;
		};
		D9F226262268ECF100576CC7 /* Release */ = {
			isa = XCBuildConfiguration;
			buildSettings = {
				ASSETCATALOG_COMPILER_APPICON_NAME = AppIcon;
				CODE_SIGN_STYLE = Automatic;
				DEVELOPMENT_TEAM = B4FXKBHXYA;
				INFOPLIST_FILE = UIPageViewWithAnimationAndConstrains/Info.plist;
				LD_RUNPATH_SEARCH_PATHS = (
					"$(inherited)",
					"@executable_path/Frameworks",
				);
				PRODUCT_BUNDLE_IDENTIFIER = AK.UIPageViewWithAnimationAndConstrains;
				PRODUCT_NAME = "$(TARGET_NAME)";
				SWIFT_VERSION = 5.0;
				TARGETED_DEVICE_FAMILY = "1,2";
			};
			name = Release;
		};
/* End XCBuildConfiguration section */

/* Begin XCConfigurationList section */
		D9F2260D2268ECF100576CC7 /* Build configuration list for PBXProject "UIPageViewWithAnimationAndConstrains" */ = {
			isa = XCConfigurationList;
			buildConfigurations = (
				D9F226222268ECF100576CC7 /* Debug */,
				D9F226232268ECF100576CC7 /* Release */,
			);
			defaultConfigurationIsVisible = 0;
			defaultConfigurationName = Release;
		};
		D9F226242268ECF100576CC7 /* Build configuration list for PBXNativeTarget "UIPageViewWithAnimationAndConstrains" */ = {
			isa = XCConfigurationList;
			buildConfigurations = (
				D9F226252268ECF100576CC7 /* Debug */,
				D9F226262268ECF100576CC7 /* Release */,
			);
			defaultConfigurationIsVisible = 0;
			defaultConfigurationName = Release;
		};
/* End XCConfigurationList section */
	};
	rootObject = D9F2260A2268ECF100576CC7 /* Project object */;
}
